// !$*UTF8*$!
{
	archiveVersion = 1;
	classes = {
	};
	objectVersion = 50;
	objects = {

/* Begin PBXBuildFile section */
		8C5C612B25837A4F00140A2D /* PlaceTableViewController.swift in Sources */ = {isa = PBXBuildFile; fileRef = 8C5C612A25837A4F00140A2D /* PlaceTableViewController.swift */; };
		8C5C612E25837A6000140A2D /* PlaceDetailViewController.swift in Sources */ = {isa = PBXBuildFile; fileRef = 8C5C612D25837A6000140A2D /* PlaceDetailViewController.swift */; };
		8CD85B17258208CF00DFD0E0 /* AppDelegate.swift in Sources */ = {isa = PBXBuildFile; fileRef = 8CD85B16258208CF00DFD0E0 /* AppDelegate.swift */; };
		8CD85B19258208CF00DFD0E0 /* SceneDelegate.swift in Sources */ = {isa = PBXBuildFile; fileRef = 8CD85B18258208CF00DFD0E0 /* SceneDelegate.swift */; };
		8CD85B1E258208CF00DFD0E0 /* Main.storyboard in Resources */ = {isa = PBXBuildFile; fileRef = 8CD85B1C258208CF00DFD0E0 /* Main.storyboard */; };
		8CD85B23258208D100DFD0E0 /* Assets.xcassets in Resources */ = {isa = PBXBuildFile; fileRef = 8CD85B22258208D100DFD0E0 /* Assets.xcassets */; };
		8CD85B26258208D100DFD0E0 /* LaunchScreen.storyboard in Resources */ = {isa = PBXBuildFile; fileRef = 8CD85B24258208D100DFD0E0 /* LaunchScreen.storyboard */; };
		8CD85B2F258208F500DFD0E0 /* Place.swift in Sources */ = {isa = PBXBuildFile; fileRef = 8CD85B2E258208F500DFD0E0 /* Place.swift */; };
		8CD85B3225820A3F00DFD0E0 /* PlacesAPI.swift in Sources */ = {isa = PBXBuildFile; fileRef = 8CD85B3125820A3F00DFD0E0 /* PlacesAPI.swift */; };
/* End PBXBuildFile section */

/* Begin PBXFileReference section */
		8C5C612A25837A4F00140A2D /* PlaceTableViewController.swift */ = {isa = PBXFileReference; lastKnownFileType = sourcecode.swift; path = PlaceTableViewController.swift; sourceTree = "<group>"; };
		8C5C612D25837A6000140A2D /* PlaceDetailViewController.swift */ = {isa = PBXFileReference; lastKnownFileType = sourcecode.swift; path = PlaceDetailViewController.swift; sourceTree = "<group>"; };
		8CD85B13258208CF00DFD0E0 /* pa8-wparlan.app */ = {isa = PBXFileReference; explicitFileType = wrapper.application; includeInIndex = 0; path = "pa8-wparlan.app"; sourceTree = BUILT_PRODUCTS_DIR; };
		8CD85B16258208CF00DFD0E0 /* AppDelegate.swift */ = {isa = PBXFileReference; lastKnownFileType = sourcecode.swift; path = AppDelegate.swift; sourceTree = "<group>"; };
		8CD85B18258208CF00DFD0E0 /* SceneDelegate.swift */ = {isa = PBXFileReference; lastKnownFileType = sourcecode.swift; path = SceneDelegate.swift; sourceTree = "<group>"; };
		8CD85B1D258208CF00DFD0E0 /* Base */ = {isa = PBXFileReference; lastKnownFileType = file.storyboard; name = Base; path = Base.lproj/Main.storyboard; sourceTree = "<group>"; };
		8CD85B22258208D100DFD0E0 /* Assets.xcassets */ = {isa = PBXFileReference; lastKnownFileType = folder.assetcatalog; path = Assets.xcassets; sourceTree = "<group>"; };
		8CD85B25258208D100DFD0E0 /* Base */ = {isa = PBXFileReference; lastKnownFileType = file.storyboard; name = Base; path = Base.lproj/LaunchScreen.storyboard; sourceTree = "<group>"; };
		8CD85B27258208D100DFD0E0 /* Info.plist */ = {isa = PBXFileReference; lastKnownFileType = text.plist.xml; path = Info.plist; sourceTree = "<group>"; };
		8CD85B2E258208F500DFD0E0 /* Place.swift */ = {isa = PBXFileReference; lastKnownFileType = sourcecode.swift; path = Place.swift; sourceTree = "<group>"; };
		8CD85B3125820A3F00DFD0E0 /* PlacesAPI.swift */ = {isa = PBXFileReference; lastKnownFileType = sourcecode.swift; path = PlacesAPI.swift; sourceTree = "<group>"; };
/* End PBXFileReference section */

/* Begin PBXFrameworksBuildPhase section */
		8CD85B10258208CF00DFD0E0 /* Frameworks */ = {
			isa = PBXFrameworksBuildPhase;
			buildActionMask = 2147483647;
			files = (
			);
			runOnlyForDeploymentPostprocessing = 0;
		};
/* End PBXFrameworksBuildPhase section */

/* Begin PBXGroup section */
		8CD85B0A258208CF00DFD0E0 = {
			isa = PBXGroup;
			children = (
				8CD85B15258208CF00DFD0E0 /* pa8-wparlan */,
				8CD85B14258208CF00DFD0E0 /* Products */,
			);
			sourceTree = "<group>";
		};
		8CD85B14258208CF00DFD0E0 /* Products */ = {
			isa = PBXGroup;
			children = (
				8CD85B13258208CF00DFD0E0 /* pa8-wparlan.app */,
			);
			name = Products;
			sourceTree = "<group>";
		};
		8CD85B15258208CF00DFD0E0 /* pa8-wparlan */ = {
			isa = PBXGroup;
			children = (
				8CD85B2E258208F500DFD0E0 /* Place.swift */,
				8CD85B3125820A3F00DFD0E0 /* PlacesAPI.swift */,
				8C5C612A25837A4F00140A2D /* PlaceTableViewController.swift */,
				8C5C612D25837A6000140A2D /* PlaceDetailViewController.swift */,
				8CD85B16258208CF00DFD0E0 /* AppDelegate.swift */,
				8CD85B18258208CF00DFD0E0 /* SceneDelegate.swift */,
				8CD85B1C258208CF00DFD0E0 /* Main.storyboard */,
				8CD85B22258208D100DFD0E0 /* Assets.xcassets */,
				8CD85B24258208D100DFD0E0 /* LaunchScreen.storyboard */,
				8CD85B27258208D100DFD0E0 /* Info.plist */,
			);
			path = "pa8-wparlan";
			sourceTree = "<group>";
		};
/* End PBXGroup section */

/* Begin PBXNativeTarget section */
		8CD85B12258208CF00DFD0E0 /* pa8-wparlan */ = {
			isa = PBXNativeTarget;
			buildConfigurationList = 8CD85B2A258208D100DFD0E0 /* Build configuration list for PBXNativeTarget "pa8-wparlan" */;
			buildPhases = (
				8CD85B0F258208CF00DFD0E0 /* Sources */,
				8CD85B10258208CF00DFD0E0 /* Frameworks */,
				8CD85B11258208CF00DFD0E0 /* Resources */,
			);
			buildRules = (
			);
			dependencies = (
			);
			name = "pa8-wparlan";
			productName = "pa8-wparlan";
			productReference = 8CD85B13258208CF00DFD0E0 /* pa8-wparlan.app */;
			productType = "com.apple.product-type.application";
		};
/* End PBXNativeTarget section */

/* Begin PBXProject section */
		8CD85B0B258208CF00DFD0E0 /* Project object */ = {
			isa = PBXProject;
			attributes = {
				LastSwiftUpdateCheck = 1210;
				LastUpgradeCheck = 1210;
				TargetAttributes = {
					8CD85B12258208CF00DFD0E0 = {
						CreatedOnToolsVersion = 12.1;
					};
				};
			};
			buildConfigurationList = 8CD85B0E258208CF00DFD0E0 /* Build configuration list for PBXProject "pa8-wparlan" */;
			compatibilityVersion = "Xcode 9.3";
			developmentRegion = en;
			hasScannedForEncodings = 0;
			knownRegions = (
				en,
				Base,
			);
			mainGroup = 8CD85B0A258208CF00DFD0E0;
			productRefGroup = 8CD85B14258208CF00DFD0E0 /* Products */;
			projectDirPath = "";
			projectRoot = "";
			targets = (
				8CD85B12258208CF00DFD0E0 /* pa8-wparlan */,
			);
		};
/* End PBXProject section */

/* Begin PBXResourcesBuildPhase section */
		8CD85B11258208CF00DFD0E0 /* Resources */ = {
			isa = PBXResourcesBuildPhase;
			buildActionMask = 2147483647;
			files = (
				8CD85B26258208D100DFD0E0 /* LaunchScreen.storyboard in Resources */,
				8CD85B23258208D100DFD0E0 /* Assets.xcassets in Resources */,
				8CD85B1E258208CF00DFD0E0 /* Main.storyboard in Resources */,
			);
			runOnlyForDeploymentPostprocessing = 0;
		};
/* End PBXResourcesBuildPhase section */

/* Begin PBXSourcesBuildPhase section */
		8CD85B0F258208CF00DFD0E0 /* Sources */ = {
			isa = PBXSourcesBuildPhase;
			buildActionMask = 2147483647;
			files = (
				8CD85B17258208CF00DFD0E0 /* AppDelegate.swift in Sources */,
				8CD85B19258208CF00DFD0E0 /* SceneDelegate.swift in Sources */,
				8C5C612B25837A4F00140A2D /* PlaceTableViewController.swift in Sources */,
				8C5C612E25837A6000140A2D /* PlaceDetailViewController.swift in Sources */,
				8CD85B3225820A3F00DFD0E0 /* PlacesAPI.swift in Sources */,
				8CD85B2F258208F500DFD0E0 /* Place.swift in Sources */,
			);
			runOnlyForDeploymentPostprocessing = 0;
		};
/* End PBXSourcesBuildPhase section */

/* Begin PBXVariantGroup section */
		8CD85B1C258208CF00DFD0E0 /* Main.storyboard */ = {
			isa = PBXVariantGroup;
			children = (
				8CD85B1D258208CF00DFD0E0 /* Base */,
			);
			name = Main.storyboard;
			sourceTree = "<group>";
		};
		8CD85B24258208D100DFD0E0 /* LaunchScreen.storyboard */ = {
			isa = PBXVariantGroup;
			children = (
				8CD85B25258208D100DFD0E0 /* Base */,
			);
			name = LaunchScreen.storyboard;
			sourceTree = "<group>";
		};
/* End PBXVariantGroup section */

/* Begin XCBuildConfiguration section */
		8CD85B28258208D100DFD0E0 /* Debug */ = {
			isa = XCBuildConfiguration;
			buildSettings = {
				ALWAYS_SEARCH_USER_PATHS = NO;
				CLANG_ANALYZER_NONNULL = YES;
				CLANG_ANALYZER_NUMBER_OBJECT_CONVERSION = YES_AGGRESSIVE;
				CLANG_CXX_LANGUAGE_STANDARD = "gnu++14";
				CLANG_CXX_LIBRARY = "libc++";
				CLANG_ENABLE_MODULES = YES;
				CLANG_ENABLE_OBJC_ARC = YES;
				CLANG_ENABLE_OBJC_WEAK = YES;
				CLANG_WARN_BLOCK_CAPTURE_AUTORELEASING = YES;
				CLANG_WARN_BOOL_CONVERSION = YES;
				CLANG_WARN_COMMA = YES;
				CLANG_WARN_CONSTANT_CONVERSION = YES;
				CLANG_WARN_DEPRECATED_OBJC_IMPLEMENTATIONS = YES;
				CLANG_WARN_DIRECT_OBJC_ISA_USAGE = YES_ERROR;
				CLANG_WARN_DOCUMENTATION_COMMENTS = YES;
				CLANG_WARN_EMPTY_BODY = YES;
				CLANG_WARN_ENUM_CONVERSION = YES;
				CLANG_WARN_INFINITE_RECURSION = YES;
				CLANG_WARN_INT_CONVERSION = YES;
				CLANG_WARN_NON_LITERAL_NULL_CONVERSION = YES;
				CLANG_WARN_OBJC_IMPLICIT_RETAIN_SELF = YES;
				CLANG_WARN_OBJC_LITERAL_CONVERSION = YES;
				CLANG_WARN_OBJC_ROOT_CLASS = YES_ERROR;
				CLANG_WARN_QUOTED_INCLUDE_IN_FRAMEWORK_HEADER = YES;
				CLANG_WARN_RANGE_LOOP_ANALYSIS = YES;
				CLANG_WARN_STRICT_PROTOTYPES = YES;
				CLANG_WARN_SUSPICIOUS_MOVE = YES;
				CLANG_WARN_UNGUARDED_AVAILABILITY = YES_AGGRESSIVE;
				CLANG_WARN_UNREACHABLE_CODE = YES;
				CLANG_WARN__DUPLICATE_METHOD_MATCH = YES;
				COPY_PHASE_STRIP = NO;
				DEBUG_INFORMATION_FORMAT = dwarf;
				ENABLE_STRICT_OBJC_MSGSEND = YES;
				ENABLE_TESTABILITY = YES;
				GCC_C_LANGUAGE_STANDARD = gnu11;
				GCC_DYNAMIC_NO_PIC = NO;
				GCC_NO_COMMON_BLOCKS = YES;
				GCC_OPTIMIZATION_LEVEL = 0;
				GCC_PREPROCESSOR_DEFINITIONS = (
					"DEBUG=1",
					"$(inherited)",
				);
				GCC_WARN_64_TO_32_BIT_CONVERSION = YES;
				GCC_WARN_ABOUT_RETURN_TYPE = YES_ERROR;
				GCC_WARN_UNDECLARED_SELECTOR = YES;
				GCC_WARN_UNINITIALIZED_AUTOS = YES_AGGRESSIVE;
				GCC_WARN_UNUSED_FUNCTION = YES;
				GCC_WARN_UNUSED_VARIABLE = YES;
				IPHONEOS_DEPLOYMENT_TARGET = 14.1;
				MTL_ENABLE_DEBUG_INFO = INCLUDE_SOURCE;
				MTL_FAST_MATH = YES;
				ONLY_ACTIVE_ARCH = YES;
				SDKROOT = iphoneos;
				SWIFT_ACTIVE_COMPILATION_CONDITIONS = DEBUG;
				SWIFT_OPTIMIZATION_LEVEL = "-Onone";
			};
			name = Debug;
		};
		8CD85B29258208D100DFD0E0 /* Release */ = {
			isa = XCBuildConfiguration;
			buildSettings = {
				ALWAYS_SEARCH_USER_PATHS = NO;
				CLANG_ANALYZER_NONNULL = YES;
				CLANG_ANALYZER_NUMBER_OBJECT_CONVERSION = YES_AGGRESSIVE;
				CLANG_CXX_LANGUAGE_STANDARD = "gnu++14";
				CLANG_CXX_LIBRARY = "libc++";
				CLANG_ENABLE_MODULES = YES;
				CLANG_ENABLE_OBJC_ARC = YES;
				CLANG_ENABLE_OBJC_WEAK = YES;
				CLANG_WARN_BLOCK_CAPTURE_AUTORELEASING = YES;
				CLANG_WARN_BOOL_CONVERSION = YES;
				CLANG_WARN_COMMA = YES;
				CLANG_WARN_CONSTANT_CONVERSION = YES;
				CLANG_WARN_DEPRECATED_OBJC_IMPLEMENTATIONS = YES;
				CLANG_WARN_DIRECT_OBJC_ISA_USAGE = YES_ERROR;
				CLANG_WARN_DOCUMENTATION_COMMENTS = YES;
				CLANG_WARN_EMPTY_BODY = YES;
				CLANG_WARN_ENUM_CONVERSION = YES;
				CLANG_WARN_INFINITE_RECURSION = YES;
				CLANG_WARN_INT_CONVERSION = YES;
				CLANG_WARN_NON_LITERAL_NULL_CONVERSION = YES;
				CLANG_WARN_OBJC_IMPLICIT_RETAIN_SELF = YES;
				CLANG_WARN_OBJC_LITERAL_CONVERSION = YES;
				CLANG_WARN_OBJC_ROOT_CLASS = YES_ERROR;
				CLANG_WARN_QUOTED_INCLUDE_IN_FRAMEWORK_HEADER = YES;
				CLANG_WARN_RANGE_LOOP_ANALYSIS = YES;
				CLANG_WARN_STRICT_PROTOTYPES = YES;
				CLANG_WARN_SUSPICIOUS_MOVE = YES;
				CLANG_WARN_UNGUARDED_AVAILABILITY = YES_AGGRESSIVE;
				CLANG_WARN_UNREACHABLE_CODE = YES;
				CLANG_WARN__DUPLICATE_METHOD_MATCH = YES;
				COPY_PHASE_STRIP = NO;
				DEBUG_INFORMATION_FORMAT = "dwarf-with-dsym";
				ENABLE_NS_ASSERTIONS = NO;
				ENABLE_STRICT_OBJC_MSGSEND = YES;
				GCC_C_LANGUAGE_STANDARD = gnu11;
				GCC_NO_COMMON_BLOCKS = YES;
				GCC_WARN_64_TO_32_BIT_CONVERSION = YES;
				GCC_WARN_ABOUT_RETURN_TYPE = YES_ERROR;
				GCC_WARN_UNDECLARED_SELECTOR = YES;
				GCC_WARN_UNINITIALIZED_AUTOS = YES_AGGRESSIVE;
				GCC_WARN_UNUSED_FUNCTION = YES;
				GCC_WARN_UNUSED_VARIABLE = YES;
				IPHONEOS_DEPLOYMENT_TARGET = 14.1;
				MTL_ENABLE_DEBUG_INFO = NO;
				MTL_FAST_MATH = YES;
				SDKROOT = iphoneos;
				SWIFT_COMPILATION_MODE = wholemodule;
				SWIFT_OPTIMIZATION_LEVEL = "-O";
				VALIDATE_PRODUCT = YES;
			};
			name = Release;
		};
		8CD85B2B258208D100DFD0E0 /* Debug */ = {
			isa = XCBuildConfiguration;
			buildSettings = {
				ASSETCATALOG_COMPILER_APPICON_NAME = AppIcon;
				ASSETCATALOG_COMPILER_GLOBAL_ACCENT_COLOR_NAME = AccentColor;
				CODE_SIGN_STYLE = Automatic;
				INFOPLIST_FILE = "pa8-wparlan/Info.plist";
				LD_RUNPATH_SEARCH_PATHS = (
					"$(inherited)",
					"@executable_path/Frameworks",
				);
				PRODUCT_BUNDLE_IDENTIFIER = "com.LindbergParlan.pa8-wparlan";
				PRODUCT_NAME = "$(TARGET_NAME)";
				SWIFT_VERSION = 5.0;
				TARGETED_DEVICE_FAMILY = "1,2";
			};
			name = Debug;
		};
		8CD85B2C258208D100DFD0E0 /* Release */ = {
			isa = XCBuildConfiguration;
			buildSettings = {
				ASSETCATALOG_COMPILER_APPICON_NAME = AppIcon;
				ASSETCATALOG_COMPILER_GLOBAL_ACCENT_COLOR_NAME = AccentColor;
				CODE_SIGN_STYLE = Automatic;
				INFOPLIST_FILE = "pa8-wparlan/Info.plist";
				LD_RUNPATH_SEARCH_PATHS = (
					"$(inherited)",
					"@executable_path/Frameworks",
				);
				PRODUCT_BUNDLE_IDENTIFIER = "com.LindbergParlan.pa8-wparlan";
				PRODUCT_NAME = "$(TARGET_NAME)";
				SWIFT_VERSION = 5.0;
				TARGETED_DEVICE_FAMILY = "1,2";
			};
			name = Release;
		};
/* End XCBuildConfiguration section */

/* Begin XCConfigurationList section */
		8CD85B0E258208CF00DFD0E0 /* Build configuration list for PBXProject "pa8-wparlan" */ = {
			isa = XCConfigurationList;
			buildConfigurations = (
				8CD85B28258208D100DFD0E0 /* Debug */,
				8CD85B29258208D100DFD0E0 /* Release */,
			);
			defaultConfigurationIsVisible = 0;
			defaultConfigurationName = Release;
		};
		8CD85B2A258208D100DFD0E0 /* Build configuration list for PBXNativeTarget "pa8-wparlan" */ = {
			isa = XCConfigurationList;
			buildConfigurations = (
				8CD85B2B258208D100DFD0E0 /* Debug */,
				8CD85B2C258208D100DFD0E0 /* Release */,
			);
			defaultConfigurationIsVisible = 0;
			defaultConfigurationName = Release;
		};
/* End XCConfigurationList section */
	};
	rootObject = 8CD85B0B258208CF00DFD0E0 /* Project object */;
}
